
Microsoft Visual Studio Solution File, Format Version 12.00
# Visual Studio 15
VisualStudioVersion = 15.0.27703.2000
MinimumVisualStudioVersion = 10.0.40219.1
Project("{9A19103F-16F7-4668-BE54-9A1E7A4F7556}") = "P01.Library", "P01.Library\P01.Library.csproj", "{AEF57D22-1352-43B2-89B4-BFED730C43E2}"
EndProject
Project("{FAE04EC0-301F-11D3-BF4B-00C04F79EFBC}") = "P02.LibraryIterator", "P02.LibraryIterator\P02.LibraryIterator.csproj", "{FC93C601-3F03-4788-9329-0CE015CA2F4A}"
EndProject
Project("{FAE04EC0-301F-11D3-BF4B-00C04F79EFBC}") = "P03.ComparableBook", "P03.ComparableBook\P03.ComparableBook.csproj", "{19304A55-7701-4B8A-A871-43F4F5EABA0C}"
EndProject
Project("{FAE04EC0-301F-11D3-BF4B-00C04F79EFBC}") = "P04.BookComparer", "P04.BookComparer\P04.BookComparer.csproj", "{D4D8E50B-1AD8-4E3C-B48D-E1402A966E61}"
EndProject
Global
	GlobalSection(SolutionConfigurationPlatforms) = preSolution
		Debug|Any CPU = Debug|Any CPU
		Release|Any CPU = Release|Any CPU
	EndGlobalSection
	GlobalSection(ProjectConfigurationPlatforms) = postSolution
		{AEF57D22-1352-43B2-89B4-BFED730C43E2}.Debug|Any CPU.ActiveCfg = Debug|Any CPU
		{AEF57D22-1352-43B2-89B4-BFED730C43E2}.Debug|Any CPU.Build.0 = Debug|Any CPU
		{AEF57D22-1352-43B2-89B4-BFED730C43E2}.Release|Any CPU.ActiveCfg = Release|Any CPU
		{AEF57D22-1352-43B2-89B4-BFED730C43E2}.Release|Any CPU.Build.0 = Release|Any CPU
		{FC93C601-3F03-4788-9329-0CE015CA2F4A}.Debug|Any CPU.ActiveCfg = Debug|Any CPU
		{FC93C601-3F03-4788-9329-0CE015CA2F4A}.Debug|Any CPU.Build.0 = Debug|Any CPU
		{FC93C601-3F03-4788-9329-0CE015CA2F4A}.Release|Any CPU.ActiveCfg = Release|Any CPU
		{FC93C601-3F03-4788-9329-0CE015CA2F4A}.Release|Any CPU.Build.0 = Release|Any CPU
		{19304A55-7701-4B8A-A871-43F4F5EABA0C}.Debug|Any CPU.ActiveCfg = Debug|Any CPU
		{19304A55-7701-4B8A-A871-43F4F5EABA0C}.Debug|Any CPU.Build.0 = Debug|Any CPU
		{19304A55-7701-4B8A-A871-43F4F5EABA0C}.Release|Any CPU.ActiveCfg = Release|Any CPU
		{19304A55-7701-4B8A-A871-43F4F5EABA0C}.Release|Any CPU.Build.0 = Release|Any CPU
		{D4D8E50B-1AD8-4E3C-B48D-E1402A966E61}.Debug|Any CPU.ActiveCfg = Debug|Any CPU
		{D4D8E50B-1AD8-4E3C-B48D-E1402A966E61}.Debug|Any CPU.Build.0 = Debug|Any CPU
		{D4D8E50B-1AD8-4E3C-B48D-E1402A966E61}.Release|Any CPU.ActiveCfg = Release|Any CPU
		{D4D8E50B-1AD8-4E3C-B48D-E1402A966E61}.Release|Any CPU.Build.0 = Release|Any CPU
	EndGlobalSection
	GlobalSection(SolutionProperties) = preSolution
		HideSolutionNode = FALSE
	EndGlobalSection
	GlobalSection(ExtensibilityGlobals) = postSolution
		SolutionGuid = {1F357DB5-FD06-4EA5-B4C7-B0FE8AAAC86B}
	EndGlobalSection
EndGlobal
