
Microsoft Visual Studio Solution File, Format Version 12.00
# Visual Studio 15
VisualStudioVersion = 15.0.27130.2036
MinimumVisualStudioVersion = 10.0.40219.1
Project("{9A19103F-16F7-4668-BE54-9A1E7A4F7556}") = "P01.SortEvenNumbers", "P01.SortEvenNumbers\P01.SortEvenNumbers.csproj", "{6C41B98E-F1BE-4B0F-8B41-1BFEAF07B587}"
EndProject
Project("{9A19103F-16F7-4668-BE54-9A1E7A4F7556}") = "P02.SumNumbers", "P02.SumNumbers\P02.SumNumbers.csproj", "{460692F8-1520-49D5-BFA5-ED0F12FA3483}"
EndProject
Project("{9A19103F-16F7-4668-BE54-9A1E7A4F7556}") = "P03.CountUppercaseWords", "P03.CountUppercaseWords\P03.CountUppercaseWords.csproj", "{6AB1B0E6-B4CB-4707-A36D-49F21B95D105}"
EndProject
Project("{FAE04EC0-301F-11D3-BF4B-00C04F79EFBC}") = "P04.AddVAT", "P04.AddVAT\P04.AddVAT.csproj", "{AB730AC7-78B7-4B86-8581-81EC0BD1DA14}"
EndProject
Project("{FAE04EC0-301F-11D3-BF4B-00C04F79EFBC}") = "P05.FilterByAge", "P05.FilterByAge\P05.FilterByAge.csproj", "{B702424A-5E71-49E2-A4BC-E4E7B9B00F49}"
EndProject
Global
	GlobalSection(SolutionConfigurationPlatforms) = preSolution
		Debug|Any CPU = Debug|Any CPU
		Release|Any CPU = Release|Any CPU
	EndGlobalSection
	GlobalSection(ProjectConfigurationPlatforms) = postSolution
		{6C41B98E-F1BE-4B0F-8B41-1BFEAF07B587}.Debug|Any CPU.ActiveCfg = Debug|Any CPU
		{6C41B98E-F1BE-4B0F-8B41-1BFEAF07B587}.Debug|Any CPU.Build.0 = Debug|Any CPU
		{6C41B98E-F1BE-4B0F-8B41-1BFEAF07B587}.Release|Any CPU.ActiveCfg = Release|Any CPU
		{6C41B98E-F1BE-4B0F-8B41-1BFEAF07B587}.Release|Any CPU.Build.0 = Release|Any CPU
		{460692F8-1520-49D5-BFA5-ED0F12FA3483}.Debug|Any CPU.ActiveCfg = Debug|Any CPU
		{460692F8-1520-49D5-BFA5-ED0F12FA3483}.Debug|Any CPU.Build.0 = Debug|Any CPU
		{460692F8-1520-49D5-BFA5-ED0F12FA3483}.Release|Any CPU.ActiveCfg = Release|Any CPU
		{460692F8-1520-49D5-BFA5-ED0F12FA3483}.Release|Any CPU.Build.0 = Release|Any CPU
		{6AB1B0E6-B4CB-4707-A36D-49F21B95D105}.Debug|Any CPU.ActiveCfg = Debug|Any CPU
		{6AB1B0E6-B4CB-4707-A36D-49F21B95D105}.Debug|Any CPU.Build.0 = Debug|Any CPU
		{6AB1B0E6-B4CB-4707-A36D-49F21B95D105}.Release|Any CPU.ActiveCfg = Release|Any CPU
		{6AB1B0E6-B4CB-4707-A36D-49F21B95D105}.Release|Any CPU.Build.0 = Release|Any CPU
		{AB730AC7-78B7-4B86-8581-81EC0BD1DA14}.Debug|Any CPU.ActiveCfg = Debug|Any CPU
		{AB730AC7-78B7-4B86-8581-81EC0BD1DA14}.Debug|Any CPU.Build.0 = Debug|Any CPU
		{AB730AC7-78B7-4B86-8581-81EC0BD1DA14}.Release|Any CPU.ActiveCfg = Release|Any CPU
		{AB730AC7-78B7-4B86-8581-81EC0BD1DA14}.Release|Any CPU.Build.0 = Release|Any CPU
		{B702424A-5E71-49E2-A4BC-E4E7B9B00F49}.Debug|Any CPU.ActiveCfg = Debug|Any CPU
		{B702424A-5E71-49E2-A4BC-E4E7B9B00F49}.Debug|Any CPU.Build.0 = Debug|Any CPU
		{B702424A-5E71-49E2-A4BC-E4E7B9B00F49}.Release|Any CPU.ActiveCfg = Release|Any CPU
		{B702424A-5E71-49E2-A4BC-E4E7B9B00F49}.Release|Any CPU.Build.0 = Release|Any CPU
	EndGlobalSection
	GlobalSection(SolutionProperties) = preSolution
		HideSolutionNode = FALSE
	EndGlobalSection
	GlobalSection(ExtensibilityGlobals) = postSolution
		SolutionGuid = {12C47999-9C5E-4E4D-9D94-9FE27175272A}
	EndGlobalSection
EndGlobal
