
Microsoft Visual Studio Solution File, Format Version 12.00
# Visual Studio 15
VisualStudioVersion = 15.0.27130.2036
MinimumVisualStudioVersion = 10.0.40219.1
Project("{9A19103F-16F7-4668-BE54-9A1E7A4F7556}") = "BashSoft", "BashSoft\BashSoft.csproj", "{DEDDC3DE-FFA8-4F89-AEDF-F7517B21C5E1}"
EndProject
Project("{FAE04EC0-301F-11D3-BF4B-00C04F79EFBC}") = "BashSoftTesting", "BashSoftTesting\BashSoftTesting.csproj", "{449D9A05-8DE4-4822-A68C-6F91432CED97}"
EndProject
Global
	GlobalSection(SolutionConfigurationPlatforms) = preSolution
		Debug|Any CPU = Debug|Any CPU
		Release|Any CPU = Release|Any CPU
	EndGlobalSection
	GlobalSection(ProjectConfigurationPlatforms) = postSolution
		{DEDDC3DE-FFA8-4F89-AEDF-F7517B21C5E1}.Debug|Any CPU.ActiveCfg = Debug|Any CPU
		{DEDDC3DE-FFA8-4F89-AEDF-F7517B21C5E1}.Debug|Any CPU.Build.0 = Debug|Any CPU
		{DEDDC3DE-FFA8-4F89-AEDF-F7517B21C5E1}.Release|Any CPU.ActiveCfg = Release|Any CPU
		{DEDDC3DE-FFA8-4F89-AEDF-F7517B21C5E1}.Release|Any CPU.Build.0 = Release|Any CPU
		{449D9A05-8DE4-4822-A68C-6F91432CED97}.Debug|Any CPU.ActiveCfg = Debug|Any CPU
		{449D9A05-8DE4-4822-A68C-6F91432CED97}.Debug|Any CPU.Build.0 = Debug|Any CPU
		{449D9A05-8DE4-4822-A68C-6F91432CED97}.Release|Any CPU.ActiveCfg = Release|Any CPU
		{449D9A05-8DE4-4822-A68C-6F91432CED97}.Release|Any CPU.Build.0 = Release|Any CPU
	EndGlobalSection
	GlobalSection(SolutionProperties) = preSolution
		HideSolutionNode = FALSE
	EndGlobalSection
	GlobalSection(ExtensibilityGlobals) = postSolution
		SolutionGuid = {416B6E08-AEBB-42D6-8C8D-CF15DA705F00}
	EndGlobalSection
EndGlobal
