
Microsoft Visual Studio Solution File, Format Version 12.00
# Visual Studio 15
VisualStudioVersion = 15.0.27703.2018
MinimumVisualStudioVersion = 10.0.40219.1
Project("{9A19103F-16F7-4668-BE54-9A1E7A4F7556}") = "P01.Logger", "P01.Logger\P01.Logger.csproj", "{A8946EDE-2ED9-4FAE-926A-FF2C93D4B320}"
EndProject
Project("{9A19103F-16F7-4668-BE54-9A1E7A4F7556}") = "P02.Command", "P02.Command\P02.Command.csproj", "{12D7FB0A-831E-4455-A55D-8C6141D6690F}"
EndProject
Project("{9A19103F-16F7-4668-BE54-9A1E7A4F7556}") = "P03.Mediator", "P03.Mediator\P03.Mediator.csproj", "{CDA7AB9C-4EB2-439F-8AAD-BB8F3AB41B1D}"
EndProject
Project("{FAE04EC0-301F-11D3-BF4B-00C04F79EFBC}") = "P04.Observer", "P04.Observer\P04.Observer.csproj", "{D7022B26-BD01-4D95-B31B-8B09D2119046}"
EndProject
Global
	GlobalSection(SolutionConfigurationPlatforms) = preSolution
		Debug|Any CPU = Debug|Any CPU
		Release|Any CPU = Release|Any CPU
	EndGlobalSection
	GlobalSection(ProjectConfigurationPlatforms) = postSolution
		{A8946EDE-2ED9-4FAE-926A-FF2C93D4B320}.Debug|Any CPU.ActiveCfg = Debug|Any CPU
		{A8946EDE-2ED9-4FAE-926A-FF2C93D4B320}.Debug|Any CPU.Build.0 = Debug|Any CPU
		{A8946EDE-2ED9-4FAE-926A-FF2C93D4B320}.Release|Any CPU.ActiveCfg = Release|Any CPU
		{A8946EDE-2ED9-4FAE-926A-FF2C93D4B320}.Release|Any CPU.Build.0 = Release|Any CPU
		{12D7FB0A-831E-4455-A55D-8C6141D6690F}.Debug|Any CPU.ActiveCfg = Debug|Any CPU
		{12D7FB0A-831E-4455-A55D-8C6141D6690F}.Debug|Any CPU.Build.0 = Debug|Any CPU
		{12D7FB0A-831E-4455-A55D-8C6141D6690F}.Release|Any CPU.ActiveCfg = Release|Any CPU
		{12D7FB0A-831E-4455-A55D-8C6141D6690F}.Release|Any CPU.Build.0 = Release|Any CPU
		{CDA7AB9C-4EB2-439F-8AAD-BB8F3AB41B1D}.Debug|Any CPU.ActiveCfg = Debug|Any CPU
		{CDA7AB9C-4EB2-439F-8AAD-BB8F3AB41B1D}.Debug|Any CPU.Build.0 = Debug|Any CPU
		{CDA7AB9C-4EB2-439F-8AAD-BB8F3AB41B1D}.Release|Any CPU.ActiveCfg = Release|Any CPU
		{CDA7AB9C-4EB2-439F-8AAD-BB8F3AB41B1D}.Release|Any CPU.Build.0 = Release|Any CPU
		{D7022B26-BD01-4D95-B31B-8B09D2119046}.Debug|Any CPU.ActiveCfg = Debug|Any CPU
		{D7022B26-BD01-4D95-B31B-8B09D2119046}.Debug|Any CPU.Build.0 = Debug|Any CPU
		{D7022B26-BD01-4D95-B31B-8B09D2119046}.Release|Any CPU.ActiveCfg = Release|Any CPU
		{D7022B26-BD01-4D95-B31B-8B09D2119046}.Release|Any CPU.Build.0 = Release|Any CPU
	EndGlobalSection
	GlobalSection(SolutionProperties) = preSolution
		HideSolutionNode = FALSE
	EndGlobalSection
	GlobalSection(ExtensibilityGlobals) = postSolution
		SolutionGuid = {B0D9D495-4DF9-4C3A-A4CA-6CCF0D042F3A}
	EndGlobalSection
EndGlobal
