
Microsoft Visual Studio Solution File, Format Version 12.00
# Visual Studio 15
VisualStudioVersion = 15.0.27428.2037
MinimumVisualStudioVersion = 10.0.40219.1
Project("{9A19103F-16F7-4668-BE54-9A1E7A4F7556}") = "P01.Vehicles", "P01.Vehicles\P01.Vehicles.csproj", "{018F8862-4D0E-48E7-9C6E-ACD2AB6D7828}"
EndProject
Project("{FAE04EC0-301F-11D3-BF4B-00C04F79EFBC}") = "P02.VehiclesExtension", "P02.VehiclesExtension\P02.VehiclesExtension.csproj", "{F6107AB7-3F44-4563-A951-538FF1661A37}"
EndProject
Project("{FAE04EC0-301F-11D3-BF4B-00C04F79EFBC}") = "P03.WildFarm", "P03.WildFarm\P03.WildFarm.csproj", "{9E167D8B-C4CA-4297-91E5-184191DE0DA1}"
EndProject
Global
	GlobalSection(SolutionConfigurationPlatforms) = preSolution
		Debug|Any CPU = Debug|Any CPU
		Release|Any CPU = Release|Any CPU
	EndGlobalSection
	GlobalSection(ProjectConfigurationPlatforms) = postSolution
		{018F8862-4D0E-48E7-9C6E-ACD2AB6D7828}.Debug|Any CPU.ActiveCfg = Debug|Any CPU
		{018F8862-4D0E-48E7-9C6E-ACD2AB6D7828}.Debug|Any CPU.Build.0 = Debug|Any CPU
		{018F8862-4D0E-48E7-9C6E-ACD2AB6D7828}.Release|Any CPU.ActiveCfg = Release|Any CPU
		{018F8862-4D0E-48E7-9C6E-ACD2AB6D7828}.Release|Any CPU.Build.0 = Release|Any CPU
		{F6107AB7-3F44-4563-A951-538FF1661A37}.Debug|Any CPU.ActiveCfg = Debug|Any CPU
		{F6107AB7-3F44-4563-A951-538FF1661A37}.Debug|Any CPU.Build.0 = Debug|Any CPU
		{F6107AB7-3F44-4563-A951-538FF1661A37}.Release|Any CPU.ActiveCfg = Release|Any CPU
		{F6107AB7-3F44-4563-A951-538FF1661A37}.Release|Any CPU.Build.0 = Release|Any CPU
		{9E167D8B-C4CA-4297-91E5-184191DE0DA1}.Debug|Any CPU.ActiveCfg = Debug|Any CPU
		{9E167D8B-C4CA-4297-91E5-184191DE0DA1}.Debug|Any CPU.Build.0 = Debug|Any CPU
		{9E167D8B-C4CA-4297-91E5-184191DE0DA1}.Release|Any CPU.ActiveCfg = Release|Any CPU
		{9E167D8B-C4CA-4297-91E5-184191DE0DA1}.Release|Any CPU.Build.0 = Release|Any CPU
	EndGlobalSection
	GlobalSection(SolutionProperties) = preSolution
		HideSolutionNode = FALSE
	EndGlobalSection
	GlobalSection(ExtensibilityGlobals) = postSolution
		SolutionGuid = {32A6A88E-E169-4AA2-8326-82525F1ED2F4}
	EndGlobalSection
EndGlobal
