
Microsoft Visual Studio Solution File, Format Version 12.00
# Visual Studio 15
VisualStudioVersion = 15.0.27428.2027
MinimumVisualStudioVersion = 10.0.40219.1
Project("{9A19103F-16F7-4668-BE54-9A1E7A4F7556}") = "P01.SingleInheritance", "P01.SingleInheritance\P01.SingleInheritance.csproj", "{497A2F49-FB5B-42DE-8AD5-EB91EAF5D977}"
EndProject
Project("{FAE04EC0-301F-11D3-BF4B-00C04F79EFBC}") = "P02.MultipleInheritance", "P02.MultipleInheritance\P02.MultipleInheritance.csproj", "{389E0273-2594-4074-9ADF-46639121D352}"
EndProject
Project("{FAE04EC0-301F-11D3-BF4B-00C04F79EFBC}") = "P03.HierarchicalInheritance", "P03.HierarchicalInheritance\P03.HierarchicalInheritance.csproj", "{FA63E530-CDFC-4B3B-8660-A998A3A00A19}"
EndProject
Project("{FAE04EC0-301F-11D3-BF4B-00C04F79EFBC}") = "P04.RandomList", "P04.RandomList\P04.RandomList.csproj", "{3C92A7A1-934D-4983-8D75-28243BF1D849}"
EndProject
Project("{FAE04EC0-301F-11D3-BF4B-00C04F79EFBC}") = "P05.StackOfStrings", "P05.StackOfStrings\P05.StackOfStrings.csproj", "{2429ED70-EB25-4405-902E-ABA14E6B041C}"
EndProject
Global
	GlobalSection(SolutionConfigurationPlatforms) = preSolution
		Debug|Any CPU = Debug|Any CPU
		Release|Any CPU = Release|Any CPU
	EndGlobalSection
	GlobalSection(ProjectConfigurationPlatforms) = postSolution
		{497A2F49-FB5B-42DE-8AD5-EB91EAF5D977}.Debug|Any CPU.ActiveCfg = Debug|Any CPU
		{497A2F49-FB5B-42DE-8AD5-EB91EAF5D977}.Debug|Any CPU.Build.0 = Debug|Any CPU
		{497A2F49-FB5B-42DE-8AD5-EB91EAF5D977}.Release|Any CPU.ActiveCfg = Release|Any CPU
		{497A2F49-FB5B-42DE-8AD5-EB91EAF5D977}.Release|Any CPU.Build.0 = Release|Any CPU
		{389E0273-2594-4074-9ADF-46639121D352}.Debug|Any CPU.ActiveCfg = Debug|Any CPU
		{389E0273-2594-4074-9ADF-46639121D352}.Debug|Any CPU.Build.0 = Debug|Any CPU
		{389E0273-2594-4074-9ADF-46639121D352}.Release|Any CPU.ActiveCfg = Release|Any CPU
		{389E0273-2594-4074-9ADF-46639121D352}.Release|Any CPU.Build.0 = Release|Any CPU
		{FA63E530-CDFC-4B3B-8660-A998A3A00A19}.Debug|Any CPU.ActiveCfg = Debug|Any CPU
		{FA63E530-CDFC-4B3B-8660-A998A3A00A19}.Debug|Any CPU.Build.0 = Debug|Any CPU
		{FA63E530-CDFC-4B3B-8660-A998A3A00A19}.Release|Any CPU.ActiveCfg = Release|Any CPU
		{FA63E530-CDFC-4B3B-8660-A998A3A00A19}.Release|Any CPU.Build.0 = Release|Any CPU
		{3C92A7A1-934D-4983-8D75-28243BF1D849}.Debug|Any CPU.ActiveCfg = Debug|Any CPU
		{3C92A7A1-934D-4983-8D75-28243BF1D849}.Debug|Any CPU.Build.0 = Debug|Any CPU
		{3C92A7A1-934D-4983-8D75-28243BF1D849}.Release|Any CPU.ActiveCfg = Release|Any CPU
		{3C92A7A1-934D-4983-8D75-28243BF1D849}.Release|Any CPU.Build.0 = Release|Any CPU
		{2429ED70-EB25-4405-902E-ABA14E6B041C}.Debug|Any CPU.ActiveCfg = Debug|Any CPU
		{2429ED70-EB25-4405-902E-ABA14E6B041C}.Debug|Any CPU.Build.0 = Debug|Any CPU
		{2429ED70-EB25-4405-902E-ABA14E6B041C}.Release|Any CPU.ActiveCfg = Release|Any CPU
		{2429ED70-EB25-4405-902E-ABA14E6B041C}.Release|Any CPU.Build.0 = Release|Any CPU
	EndGlobalSection
	GlobalSection(SolutionProperties) = preSolution
		HideSolutionNode = FALSE
	EndGlobalSection
	GlobalSection(ExtensibilityGlobals) = postSolution
		SolutionGuid = {93839A07-A4EE-4E77-93F9-88C286964E81}
	EndGlobalSection
EndGlobal
