
Microsoft Visual Studio Solution File, Format Version 12.00
# Visual Studio 15
VisualStudioVersion = 15.0.27703.2018
MinimumVisualStudioVersion = 10.0.40219.1
Project("{9A19103F-16F7-4668-BE54-9A1E7A4F7556}") = "P01.EventImplementation", "P01.EventImplementation\P01.EventImplementation.csproj", "{818E8C61-70F5-4193-9E64-4B9268A21934}"
EndProject
Project("{9A19103F-16F7-4668-BE54-9A1E7A4F7556}") = "P02.KingsGambit", "P02.KingsGambit\P02.KingsGambit.csproj", "{2E9F0558-F2E6-467B-95AE-27374B7CE3EC}"
EndProject
Project("{FAE04EC0-301F-11D3-BF4B-00C04F79EFBC}") = "P05.KingsGambitExtended", "P05.KingsGambitExtended\P05.KingsGambitExtended.csproj", "{BADC8D91-94B1-456F-AA05-8454DC3B13DE}"
EndProject
Project("{FAE04EC0-301F-11D3-BF4B-00C04F79EFBC}") = "P03.DependencyInversion", "P03.DependencyInversion\P03.DependencyInversion.csproj", "{8E7F6044-D9D8-453E-8512-2BD4194A3591}"
EndProject
Project("{FAE04EC0-301F-11D3-BF4B-00C04F79EFBC}") = "P04.WorkForce", "P04.WorkForce\P04.WorkForce.csproj", "{08FD6755-5E59-46C6-AC54-3FAA69D88C33}"
EndProject
Global
	GlobalSection(SolutionConfigurationPlatforms) = preSolution
		Debug|Any CPU = Debug|Any CPU
		Release|Any CPU = Release|Any CPU
	EndGlobalSection
	GlobalSection(ProjectConfigurationPlatforms) = postSolution
		{818E8C61-70F5-4193-9E64-4B9268A21934}.Debug|Any CPU.ActiveCfg = Debug|Any CPU
		{818E8C61-70F5-4193-9E64-4B9268A21934}.Debug|Any CPU.Build.0 = Debug|Any CPU
		{818E8C61-70F5-4193-9E64-4B9268A21934}.Release|Any CPU.ActiveCfg = Release|Any CPU
		{818E8C61-70F5-4193-9E64-4B9268A21934}.Release|Any CPU.Build.0 = Release|Any CPU
		{2E9F0558-F2E6-467B-95AE-27374B7CE3EC}.Debug|Any CPU.ActiveCfg = Debug|Any CPU
		{2E9F0558-F2E6-467B-95AE-27374B7CE3EC}.Debug|Any CPU.Build.0 = Debug|Any CPU
		{2E9F0558-F2E6-467B-95AE-27374B7CE3EC}.Release|Any CPU.ActiveCfg = Release|Any CPU
		{2E9F0558-F2E6-467B-95AE-27374B7CE3EC}.Release|Any CPU.Build.0 = Release|Any CPU
		{BADC8D91-94B1-456F-AA05-8454DC3B13DE}.Debug|Any CPU.ActiveCfg = Debug|Any CPU
		{BADC8D91-94B1-456F-AA05-8454DC3B13DE}.Debug|Any CPU.Build.0 = Debug|Any CPU
		{BADC8D91-94B1-456F-AA05-8454DC3B13DE}.Release|Any CPU.ActiveCfg = Release|Any CPU
		{BADC8D91-94B1-456F-AA05-8454DC3B13DE}.Release|Any CPU.Build.0 = Release|Any CPU
		{8E7F6044-D9D8-453E-8512-2BD4194A3591}.Debug|Any CPU.ActiveCfg = Debug|Any CPU
		{8E7F6044-D9D8-453E-8512-2BD4194A3591}.Debug|Any CPU.Build.0 = Debug|Any CPU
		{8E7F6044-D9D8-453E-8512-2BD4194A3591}.Release|Any CPU.ActiveCfg = Release|Any CPU
		{8E7F6044-D9D8-453E-8512-2BD4194A3591}.Release|Any CPU.Build.0 = Release|Any CPU
		{08FD6755-5E59-46C6-AC54-3FAA69D88C33}.Debug|Any CPU.ActiveCfg = Debug|Any CPU
		{08FD6755-5E59-46C6-AC54-3FAA69D88C33}.Debug|Any CPU.Build.0 = Debug|Any CPU
		{08FD6755-5E59-46C6-AC54-3FAA69D88C33}.Release|Any CPU.ActiveCfg = Release|Any CPU
		{08FD6755-5E59-46C6-AC54-3FAA69D88C33}.Release|Any CPU.Build.0 = Release|Any CPU
	EndGlobalSection
	GlobalSection(SolutionProperties) = preSolution
		HideSolutionNode = FALSE
	EndGlobalSection
	GlobalSection(ExtensibilityGlobals) = postSolution
		SolutionGuid = {119BBB01-6498-4AC4-AEAA-C77C4CA30022}
	EndGlobalSection
EndGlobal
