
Microsoft Visual Studio Solution File, Format Version 12.00
# Visual Studio 15
VisualStudioVersion = 15.0.27428.2043
MinimumVisualStudioVersion = 10.0.40219.1
Project("{FAE04EC0-301F-11D3-BF4B-00C04F79EFBC}") = "GrandPrix", "GrandPrix\GrandPrix.csproj", "{31BFD7A0-7F5A-49BB-B242-3BA1B5B2CE53}"
EndProject
Global
	GlobalSection(SolutionConfigurationPlatforms) = preSolution
		Debug|Any CPU = Debug|Any CPU
		Release|Any CPU = Release|Any CPU
	EndGlobalSection
	GlobalSection(ProjectConfigurationPlatforms) = postSolution
		{31BFD7A0-7F5A-49BB-B242-3BA1B5B2CE53}.Debug|Any CPU.ActiveCfg = Debug|Any CPU
		{31BFD7A0-7F5A-49BB-B242-3BA1B5B2CE53}.Debug|Any CPU.Build.0 = Debug|Any CPU
		{31BFD7A0-7F5A-49BB-B242-3BA1B5B2CE53}.Release|Any CPU.ActiveCfg = Release|Any CPU
		{31BFD7A0-7F5A-49BB-B242-3BA1B5B2CE53}.Release|Any CPU.Build.0 = Release|Any CPU
	EndGlobalSection
	GlobalSection(SolutionProperties) = preSolution
		HideSolutionNode = FALSE
	EndGlobalSection
	GlobalSection(ExtensibilityGlobals) = postSolution
		SolutionGuid = {C0892681-0394-46BD-81D8-CFC3EBE0353C}
	EndGlobalSection
EndGlobal
