
Microsoft Visual Studio Solution File, Format Version 12.00
# Visual Studio 15
VisualStudioVersion = 15.0.27428.2005
MinimumVisualStudioVersion = 10.0.40219.1
Project("{9A19103F-16F7-4668-BE54-9A1E7A4F7556}") = "P01.KeyRevolver", "P01.KeyRevolver\P01.KeyRevolver.csproj", "{1C98626F-0339-4081-B493-302706DF848E}"
EndProject
Project("{9A19103F-16F7-4668-BE54-9A1E7A4F7556}") = "P02.Sneaking", "P02.Sneaking\P02.Sneaking.csproj", "{A621A011-A16C-42E7-B1BB-70245585BA6C}"
EndProject
Project("{9A19103F-16F7-4668-BE54-9A1E7A4F7556}") = "P03.CryptoBlockchain", "P03.CryptoBlockchain\P03.CryptoBlockchain.csproj", "{F2652E69-C66B-4360-A19D-354A680BB16F}"
EndProject
Project("{FAE04EC0-301F-11D3-BF4B-00C04F79EFBC}") = "P04.HitList", "P04.HitList\P04.HitList.csproj", "{484D7BC1-C19B-4634-B567-B6B12F1D5B60}"
EndProject
Global
	GlobalSection(SolutionConfigurationPlatforms) = preSolution
		Debug|Any CPU = Debug|Any CPU
		Release|Any CPU = Release|Any CPU
	EndGlobalSection
	GlobalSection(ProjectConfigurationPlatforms) = postSolution
		{1C98626F-0339-4081-B493-302706DF848E}.Debug|Any CPU.ActiveCfg = Debug|Any CPU
		{1C98626F-0339-4081-B493-302706DF848E}.Debug|Any CPU.Build.0 = Debug|Any CPU
		{1C98626F-0339-4081-B493-302706DF848E}.Release|Any CPU.ActiveCfg = Release|Any CPU
		{1C98626F-0339-4081-B493-302706DF848E}.Release|Any CPU.Build.0 = Release|Any CPU
		{A621A011-A16C-42E7-B1BB-70245585BA6C}.Debug|Any CPU.ActiveCfg = Debug|Any CPU
		{A621A011-A16C-42E7-B1BB-70245585BA6C}.Debug|Any CPU.Build.0 = Debug|Any CPU
		{A621A011-A16C-42E7-B1BB-70245585BA6C}.Release|Any CPU.ActiveCfg = Release|Any CPU
		{A621A011-A16C-42E7-B1BB-70245585BA6C}.Release|Any CPU.Build.0 = Release|Any CPU
		{F2652E69-C66B-4360-A19D-354A680BB16F}.Debug|Any CPU.ActiveCfg = Debug|Any CPU
		{F2652E69-C66B-4360-A19D-354A680BB16F}.Debug|Any CPU.Build.0 = Debug|Any CPU
		{F2652E69-C66B-4360-A19D-354A680BB16F}.Release|Any CPU.ActiveCfg = Release|Any CPU
		{F2652E69-C66B-4360-A19D-354A680BB16F}.Release|Any CPU.Build.0 = Release|Any CPU
		{484D7BC1-C19B-4634-B567-B6B12F1D5B60}.Debug|Any CPU.ActiveCfg = Debug|Any CPU
		{484D7BC1-C19B-4634-B567-B6B12F1D5B60}.Debug|Any CPU.Build.0 = Debug|Any CPU
		{484D7BC1-C19B-4634-B567-B6B12F1D5B60}.Release|Any CPU.ActiveCfg = Release|Any CPU
		{484D7BC1-C19B-4634-B567-B6B12F1D5B60}.Release|Any CPU.Build.0 = Release|Any CPU
	EndGlobalSection
	GlobalSection(SolutionProperties) = preSolution
		HideSolutionNode = FALSE
	EndGlobalSection
	GlobalSection(ExtensibilityGlobals) = postSolution
		SolutionGuid = {E975BC66-9293-42D0-BB68-7BDFA611722F}
	EndGlobalSection
EndGlobal
